{
  "object": {
    "pins": [
      {
        "package": "Expression",
        "repositoryURL": "https://github.com/nicklockwood/Expression.git",
        "state": {
          "branch": null,
          "revision": "cfe8324c439d7e186057663f8a68df3f283e765e",
          "version": "0.12.12"
        }
      },
      {
        "package": "Files",
        "repositoryURL": "https://github.com/JohnSundell/Files",
        "state": {
          "branch": null,
          "revision": "a84615f4558151fab52ac38df697ce2442991f93",
          "version": "2.3.0"
        }
      },
      {
        "package": "Common",
        "repositoryURL": "https://github.com/gudmunduroh/ReikniritCommon",
        "state": {
          "branch": null,
          "revision": "712bd04714c3c0c85194be2932eca780d18eac95",
          "version": "1.0.6"
        }
      }
    ]
  },
  "version": 1
}
