{
  "object": {
    "pins": [
      {
        "package": "Common",
        "repositoryURL": "https://github.com/gudmunduroh/ReikniritCommon",
        "state": {
          "branch": null,
          "revision": "712bd04714c3c0c85194be2932eca780d18eac95",
          "version": "1.0.6"
        }
      }
    ]
  },
  "version": 1
}
