{
  "object": {
    "pins": [
      {
        "package": "Common",
        "repositoryURL": "https://github.com/gudmunduroh/ReikniritCommon",
        "state": {
          "branch": null,
          "revision": "07be572f53a7a3b75253fa8167552e9dc3629e99",
          "version": "1.0.4"
        }
      }
    ]
  },
  "version": 1
}
